
Microsoft Visual Studio Solution File, Format Version 12.00
# Visual Studio Version 17
VisualStudioVersion = 17.3.32901.215
MinimumVisualStudioVersion = 10.0.40219.1
Project("{9A19103F-16F7-4668-BE54-9A1E7A4F7556}") = "CoreCollections", "CoreCollections\CoreCollections.csproj", "{FBDEA1E0-054F-4C42-94B9-D548B78F01F9}"
EndProject
Project("{9A19103F-16F7-4668-BE54-9A1E7A4F7556}") = "CoreCollections.Test", "CoreCollections.Test\CoreCollections.Test.csproj", "{0355ADAD-0881-4071-8D8A-1AD5AAAF3681}"
EndProject
EndProject
Global
	GlobalSection(SolutionConfigurationPlatforms) = preSolution
		Debug|Any CPU = Debug|Any CPU
		Release|Any CPU = Release|Any CPU
	EndGlobalSection
	GlobalSection(ProjectConfigurationPlatforms) = postSolution
		{FBDEA1E0-054F-4C42-94B9-D548B78F01F9}.Debug|Any CPU.ActiveCfg = Debug|Any CPU
		{FBDEA1E0-054F-4C42-94B9-D548B78F01F9}.Debug|Any CPU.Build.0 = Debug|Any CPU
		{FBDEA1E0-054F-4C42-94B9-D548B78F01F9}.Release|Any CPU.ActiveCfg = Release|Any CPU
		{FBDEA1E0-054F-4C42-94B9-D548B78F01F9}.Release|Any CPU.Build.0 = Release|Any CPU
		{0355ADAD-0881-4071-8D8A-1AD5AAAF3681}.Debug|Any CPU.ActiveCfg = Debug|Any CPU
		{0355ADAD-0881-4071-8D8A-1AD5AAAF3681}.Debug|Any CPU.Build.0 = Debug|Any CPU
		{0355ADAD-0881-4071-8D8A-1AD5AAAF3681}.Release|Any CPU.ActiveCfg = Release|Any CPU
		{0355ADAD-0881-4071-8D8A-1AD5AAAF3681}.Release|Any CPU.Build.0 = Release|Any CPU
	EndGlobalSection
	GlobalSection(SolutionProperties) = preSolution
		HideSolutionNode = FALSE
	EndGlobalSection
	GlobalSection(ExtensibilityGlobals) = postSolution
		SolutionGuid = {A8B2BA45-3499-4836-A0AB-075BF2720FD2}
	EndGlobalSection
EndGlobal
